PODS:
  - BeeHive (1.6.0)
  - CocoaLumberjack (3.6.2):
    - CocoaLumberjack/Core (= 3.6.2)
  - CocoaLumberjack/Core (3.6.2)
  - FMDB (2.7.5):
    - FMDB/standard (= 2.7.5)
  - FMDB/standard (2.7.5)
  - HFCategoryView (0.0.1)
  - Masonry (1.1.0)
  - MJRefresh (3.7.5)
  - ReactiveCocoa (2.3):
    - ReactiveCocoa/UI (= 2.3)
  - ReactiveCocoa/Core (2.3):
    - ReactiveCocoa/no-arc
  - ReactiveCocoa/no-arc (2.3)
  - ReactiveCocoa/UI (2.3):
    - ReactiveCocoa/Core
  - Sentry (7.3.0):
    - Sentry/Core (= 7.3.0)
  - Sentry/Core (7.3.0)
  - XSIntent (0.0.1)
  - YYKit (1.0.9):
    - YYKit/no-arc (= 1.0.9)
  - YYKit/no-arc (1.0.9)

DEPENDENCIES:
  - BeeHive
  - CocoaLumberjack (= 3.6.2)
  - FMDB
  - HFCategoryView (from `Module/HFCategoryView/`)
  - Masonry
  - MJRefresh
  - ReactiveCocoa (= 2.3)
  - Sentry (from `https://github.com/getsentry/sentry-cocoa.git`, tag `7.3.0`)
  - XSIntent (from `Module/XSIntent/`)
  - YYKit

SPEC REPOS:
  trunk:
    - BeeHive
    - CocoaLumberjack
    - FMDB
    - Masonry
    - MJRefresh
    - ReactiveCocoa
    - YYKit

EXTERNAL SOURCES:
  HFCategoryView:
    :path: Module/HFCategoryView/
  Sentry:
    :git: https://github.com/getsentry/sentry-cocoa.git
    :tag: 7.3.0
  XSIntent:
    :path: Module/XSIntent/

CHECKOUT OPTIONS:
  Sentry:
    :git: https://github.com/getsentry/sentry-cocoa.git
    :tag: 7.3.0

SPEC CHECKSUMS:
  BeeHive: 64c01ddec33b9ef8813701e075eeb732327d0f75
  CocoaLumberjack: bd155f2dd06c0e0b03f876f7a3ee55693122ec94
  FMDB: 2ce00b547f966261cd18927a3ddb07cb6f3db82a
  HFCategoryView: 0a665f69ace233b98a90e4f77c1f1644af0f378b
  Masonry: 678fab65091a9290e40e2832a55e7ab731aad201
  MJRefresh: fdf5e979eb406a0341468932d1dfc8b7f9fce961
  ReactiveCocoa: 81ee2fb7df2dfc6bd52b5d70473662195e20ca7d
  Sentry: 9a4e621430e2dae4477d791f2f7e905720b6efbf
  XSIntent: 39902b2eed07df1b8754c61e82bd651e34d12dc9
  YYKit: 7cda43304a8dc3696c449041e2cb3107b4e236e7

PODFILE CHECKSUM: 1dabefde8969ab8d0c2931ab5e9881d446cfd776

COCOAPODS: 1.12.1
