PODS:
  - AFNetworking (4.0.1):
    - AFNetworking/NSURLSession (= 4.0.1)
    - AFNetworking/Reachability (= 4.0.1)
    - AFNetworking/Security (= 4.0.1)
    - AFNetworking/Serialization (= 4.0.1)
    - AFNetworking/UIKit (= 4.0.1)
  - AFNetworking/NSURLSession (4.0.1):
    - AFNetworking/Reachability
    - AFNetworking/Security
    - AFNetworking/Serialization
  - AFNetworking/Reachability (4.0.1)
  - AFNetworking/Security (4.0.1)
  - AFNetworking/Serialization (4.0.1)
  - AFNetworking/UIKit (4.0.1):
    - AFNetworking/NSURLSession
  - BeeHive (1.6.0)
  - CocoaLumberjack (3.6.2):
    - CocoaLumberjack/Core (= 3.6.2)
  - CocoaLumberjack/Core (3.6.2)
  - FMDB (2.7.5):
    - FMDB/standard (= 2.7.5)
  - FMDB/standard (2.7.5)
  - GCDWebServer (3.5.4):
    - GCDWebServer/Core (= 3.5.4)
  - GCDWebServer/Core (3.5.4)
  - HFCategoryView (0.0.1)
  - Masonry (1.1.0)
  - MJRefresh (3.7.5)
  - ReactiveCocoa (2.3):
    - ReactiveCocoa/UI (= 2.3)
  - ReactiveCocoa/Core (2.3):
    - ReactiveCocoa/no-arc
  - ReactiveCocoa/no-arc (2.3)
  - ReactiveCocoa/UI (2.3):
    - ReactiveCocoa/Core
  - Sentry (7.3.0):
    - Sentry/Core (= 7.3.0)
  - Sentry/Core (7.3.0)
  - XSIntent (0.0.1)
  - YYKit (1.0.9):
    - YYKit/no-arc (= 1.0.9)
  - YYKit/no-arc (1.0.9)
  - ZFPlayer/AVPlayer (4.1.4):
    - ZFPlayer/Core
  - ZFPlayer/Core (4.1.4)

DEPENDENCIES:
  - AFNetworking
  - BeeHive
  - CocoaLumberjack (= 3.6.2)
  - FMDB
  - GCDWebServer (~> 3.0)
  - HFCategoryView (from `Module/HFCategoryView/`)
  - Masonry
  - MJRefresh
  - ReactiveCocoa (= 2.3)
  - Sentry (from `https://github.com/getsentry/sentry-cocoa.git`, tag `7.3.0`)
  - XSIntent (from `Module/XSIntent/`)
  - YYKit (from `https://github.com/Smiley1994/YYKit.git`)
  - ZFPlayer/AVPlayer

SPEC REPOS:
  trunk:
    - AFNetworking
    - BeeHive
    - CocoaLumberjack
    - FMDB
    - GCDWebServer
    - Masonry
    - MJRefresh
    - ReactiveCocoa
    - ZFPlayer

EXTERNAL SOURCES:
  HFCategoryView:
    :path: Module/HFCategoryView/
  Sentry:
    :git: https://github.com/getsentry/sentry-cocoa.git
    :tag: 7.3.0
  XSIntent:
    :path: Module/XSIntent/
  YYKit:
    :git: https://github.com/Smiley1994/YYKit.git

CHECKOUT OPTIONS:
  Sentry:
    :git: https://github.com/getsentry/sentry-cocoa.git
    :tag: 7.3.0
  YYKit:
    :commit: ce497577f6fd5087ef4121980e6a0e15117a916c
    :git: https://github.com/Smiley1994/YYKit.git

SPEC CHECKSUMS:
  AFNetworking: 3bd23d814e976cd148d7d44c3ab78017b744cd58
  BeeHive: 64c01ddec33b9ef8813701e075eeb732327d0f75
  CocoaLumberjack: bd155f2dd06c0e0b03f876f7a3ee55693122ec94
  FMDB: 2ce00b547f966261cd18927a3ddb07cb6f3db82a
  GCDWebServer: 2c156a56c8226e2d5c0c3f208a3621ccffbe3ce4
  HFCategoryView: 49524a13f77dbde717efaf68a4a179727a55e4ca
  Masonry: 678fab65091a9290e40e2832a55e7ab731aad201
  MJRefresh: fdf5e979eb406a0341468932d1dfc8b7f9fce961
  ReactiveCocoa: 81ee2fb7df2dfc6bd52b5d70473662195e20ca7d
  Sentry: 9a4e621430e2dae4477d791f2f7e905720b6efbf
  XSIntent: d04d76aba9c316dadb53ce2ddffad3c38cd4c053
  YYKit: 7cda43304a8dc3696c449041e2cb3107b4e236e7
  ZFPlayer: 5cf39e8d9f0c2394a014b0db4767b5b5a6bffe13

PODFILE CHECKSUM: 4672668c0fd750f3abc9bcd74c824f508ad07bee

COCOAPODS: 1.14.2
